
Microsoft Visual Studio Solution File, Format Version 12.00
# Visual Studio Version 17
VisualStudioVersion = 17.1.32210.238
MinimumVisualStudioVersion = 10.0.40219.1
Project("{FAE04EC0-301F-11D3-BF4B-00C04F79EFBC}") = "ConsoleApp123", "ConsoleApp123.csproj", "{9B8F814E-2FC4-4617-BCD4-1EF2EDC1B822}"
EndProject
Global
	GlobalSection(SolutionConfigurationPlatforms) = preSolution
		Debug|Any CPU = Debug|Any CPU
		Release|Any CPU = Release|Any CPU
	EndGlobalSection
	GlobalSection(ProjectConfigurationPlatforms) = postSolution
		{9B8F814E-2FC4-4617-BCD4-1EF2EDC1B822}.Debug|Any CPU.ActiveCfg = Debug|Any CPU
		{9B8F814E-2FC4-4617-BCD4-1EF2EDC1B822}.Debug|Any CPU.Build.0 = Debug|Any CPU
		{9B8F814E-2FC4-4617-BCD4-1EF2EDC1B822}.Release|Any CPU.ActiveCfg = Release|Any CPU
		{9B8F814E-2FC4-4617-BCD4-1EF2EDC1B822}.Release|Any CPU.Build.0 = Release|Any CPU
	EndGlobalSection
	GlobalSection(SolutionProperties) = preSolution
		HideSolutionNode = FALSE
	EndGlobalSection
	GlobalSection(ExtensibilityGlobals) = postSolution
		SolutionGuid = {7F588E55-5188-4DA6-B8DF-1E1FEB521AB6}
	EndGlobalSection
EndGlobal
